
Microsoft Visual Studio Solution File, Format Version 12.00
# Visual Studio 15
VisualStudioVersion = 15.0.27428.2005
MinimumVisualStudioVersion = 10.0.40219.1
Project("{FAE04EC0-301F-11D3-BF4B-00C04F79EFBC}") = "Aumento", "Aumento\Aumento.csproj", "{3573E468-C53E-408B-BAD2-270C19ED1998}"
EndProject
Global
	GlobalSection(SolutionConfigurationPlatforms) = preSolution
		Debug|Any CPU = Debug|Any CPU
		Release|Any CPU = Release|Any CPU
	EndGlobalSection
	GlobalSection(ProjectConfigurationPlatforms) = postSolution
		{3573E468-C53E-408B-BAD2-270C19ED1998}.Debug|Any CPU.ActiveCfg = Debug|Any CPU
		{3573E468-C53E-408B-BAD2-270C19ED1998}.Debug|Any CPU.Build.0 = Debug|Any CPU
		{3573E468-C53E-408B-BAD2-270C19ED1998}.Release|Any CPU.ActiveCfg = Release|Any CPU
		{3573E468-C53E-408B-BAD2-270C19ED1998}.Release|Any CPU.Build.0 = Release|Any CPU
	EndGlobalSection
	GlobalSection(SolutionProperties) = preSolution
		HideSolutionNode = FALSE
	EndGlobalSection
	GlobalSection(ExtensibilityGlobals) = postSolution
		SolutionGuid = {2F528285-B2F9-495E-A17E-B35838716CCE}
	EndGlobalSection
EndGlobal
